{
  "name": "npm-publish-demo",
  "version": "1.0.0",
  "lockfileVersion": 1,
  "requires": true,
  "dependencies": {
    "commander": {
      "version": "8.3.0",
      "resolved": "https://mirrors.tencent.com/npm/commander/-/commander-8.3.0.tgz",
      "integrity": "sha512-OkTL9umf+He2DZkUq8f8J9of7yL6RJKI24dVITBmNfZBmri9zYZQrKkuXiKhyfPSu8tUhnVBB1iKXevvnlR4Ww=="
    },
    "lodash": {
      "version": "4.17.21",
      "resolved": "https://mirrors.tencent.com/npm/lodash/-/lodash-4.17.21.tgz",
      "integrity": "sha512-v2kDEe57lecTulaDIuNTPy3Ry4gLGJ6Z1O3vE1krgXZNrsQ+LFTGHVxVjcXPs17LhbZVGedAJv8XZ1tvj5FvSg=="
    },
    "npm-publish-latest": {
      "version": "0.0.3-alpha.0",
      "resolved": "https://mirrors.tencent.com/npm/npm-publish-latest/-/npm-publish-latest-0.0.3-alpha.0.tgz",
      "integrity": "sha512-TOyswFBZ+JFBv0G0BDOgJLIGI8jZ6Mqnf4Sq/W8hgebnHxM7A8yvHANL0/6XT4DbO2ECXWVUK4jqZwMK195VHA==",
      "requires": {
        "commander": "^8.2.0",
        "lodash": "^4.17.21"
      }
    }
  }
}
